// !$*UTF8*$!
{
	archiveVersion = 1;
	classes = {
	};
	objectVersion = 46;
	objects = {

/* Begin PBXBuildFile section */
		005444FD188E397E006C61FB /* Foundation.framework in Frameworks */ = {isa = PBXBuildFile; fileRef = 005444FC188E397E006C61FB /* Foundation.framework */; };
		005444FF188E397E006C61FB /* CoreGraphics.framework in Frameworks */ = {isa = PBXBuildFile; fileRef = 005444FE188E397E006C61FB /* CoreGraphics.framework */; };
		00544501188E397E006C61FB /* UIKit.framework in Frameworks */ = {isa = PBXBuildFile; fileRef = 00544500188E397E006C61FB /* UIKit.framework */; };
		00544507188E397E006C61FB /* InfoPlist.strings in Resources */ = {isa = PBXBuildFile; fileRef = 00544505188E397E006C61FB /* InfoPlist.strings */; };
		00544509188E397E006C61FB /* main.m in Sources */ = {isa = PBXBuildFile; fileRef = 00544508188E397E006C61FB /* main.m */; };
		0054450D188E397E006C61FB /* AppDelegate.m in Sources */ = {isa = PBXBuildFile; fileRef = 0054450C188E397E006C61FB /* AppDelegate.m */; };
		00544510188E397E006C61FB /* Main.storyboard in Resources */ = {isa = PBXBuildFile; fileRef = 0054450E188E397E006C61FB /* Main.storyboard */; };
		00544513188E397E006C61FB /* ViewController.m in Sources */ = {isa = PBXBuildFile; fileRef = 00544512188E397E006C61FB /* ViewController.m */; };
		00544515188E397E006C61FB /* Images.xcassets in Resources */ = {isa = PBXBuildFile; fileRef = 00544514188E397E006C61FB /* Images.xcassets */; };
		0054451C188E397E006C61FB /* XCTest.framework in Frameworks */ = {isa = PBXBuildFile; fileRef = 0054451B188E397E006C61FB /* XCTest.framework */; };
		0054451D188E397E006C61FB /* Foundation.framework in Frameworks */ = {isa = PBXBuildFile; fileRef = 005444FC188E397E006C61FB /* Foundation.framework */; };
		0054451E188E397E006C61FB /* UIKit.framework in Frameworks */ = {isa = PBXBuildFile; fileRef = 00544500188E397E006C61FB /* UIKit.framework */; };
		00544526188E397E006C61FB /* InfoPlist.strings in Resources */ = {isa = PBXBuildFile; fileRef = 00544524188E397E006C61FB /* InfoPlist.strings */; };
		00544528188E397E006C61FB /* _6pageTests.m in Sources */ = {isa = PBXBuildFile; fileRef = 00544527188E397E006C61FB /* _6pageTests.m */; };
/* End PBXBuildFile section */

/* Begin PBXContainerItemProxy section */
		0054451F188E397E006C61FB /* PBXContainerItemProxy */ = {
			isa = PBXContainerItemProxy;
			containerPortal = 005444F1188E397E006C61FB /* Project object */;
			proxyType = 1;
			remoteGlobalIDString = 005444F8188E397E006C61FB;
			remoteInfo = 86page;
		};
/* End PBXContainerItemProxy section */

/* Begin PBXFileReference section */
		005444F9188E397E006C61FB /* 86page.app */ = {isa = PBXFileReference; explicitFileType = wrapper.application; includeInIndex = 0; path = 86page.app; sourceTree = BUILT_PRODUCTS_DIR; };
		005444FC188E397E006C61FB /* Foundation.framework */ = {isa = PBXFileReference; lastKnownFileType = wrapper.framework; name = Foundation.framework; path = System/Library/Frameworks/Foundation.framework; sourceTree = SDKROOT; };
		005444FE188E397E006C61FB /* CoreGraphics.framework */ = {isa = PBXFileReference; lastKnownFileType = wrapper.framework; name = CoreGraphics.framework; path = System/Library/Frameworks/CoreGraphics.framework; sourceTree = SDKROOT; };
		00544500188E397E006C61FB /* UIKit.framework */ = {isa = PBXFileReference; lastKnownFileType = wrapper.framework; name = UIKit.framework; path = System/Library/Frameworks/UIKit.framework; sourceTree = SDKROOT; };
		00544504188E397E006C61FB /* 86page-Info.plist */ = {isa = PBXFileReference; lastKnownFileType = text.plist.xml; path = "86page-Info.plist"; sourceTree = "<group>"; };
		00544506188E397E006C61FB /* en */ = {isa = PBXFileReference; lastKnownFileType = text.plist.strings; name = en; path = en.lproj/InfoPlist.strings; sourceTree = "<group>"; };
		00544508188E397E006C61FB /* main.m */ = {isa = PBXFileReference; lastKnownFileType = sourcecode.c.objc; path = main.m; sourceTree = "<group>"; };
		0054450A188E397E006C61FB /* 86page-Prefix.pch */ = {isa = PBXFileReference; lastKnownFileType = sourcecode.c.h; path = "86page-Prefix.pch"; sourceTree = "<group>"; };
		0054450B188E397E006C61FB /* AppDelegate.h */ = {isa = PBXFileReference; lastKnownFileType = sourcecode.c.h; path = AppDelegate.h; sourceTree = "<group>"; };
		0054450C188E397E006C61FB /* AppDelegate.m */ = {isa = PBXFileReference; lastKnownFileType = sourcecode.c.objc; path = AppDelegate.m; sourceTree = "<group>"; };
		0054450F188E397E006C61FB /* Base */ = {isa = PBXFileReference; lastKnownFileType = file.storyboard; name = Base; path = Base.lproj/Main.storyboard; sourceTree = "<group>"; };
		00544511188E397E006C61FB /* ViewController.h */ = {isa = PBXFileReference; lastKnownFileType = sourcecode.c.h; path = ViewController.h; sourceTree = "<group>"; };
		00544512188E397E006C61FB /* ViewController.m */ = {isa = PBXFileReference; lastKnownFileType = sourcecode.c.objc; path = ViewController.m; sourceTree = "<group>"; };
		00544514188E397E006C61FB /* Images.xcassets */ = {isa = PBXFileReference; lastKnownFileType = folder.assetcatalog; path = Images.xcassets; sourceTree = "<group>"; };
		0054451A188E397E006C61FB /* 86pageTests.xctest */ = {isa = PBXFileReference; explicitFileType = wrapper.cfbundle; includeInIndex = 0; path = 86pageTests.xctest; sourceTree = BUILT_PRODUCTS_DIR; };
		0054451B188E397E006C61FB /* XCTest.framework */ = {isa = PBXFileReference; lastKnownFileType = wrapper.framework; name = XCTest.framework; path = Library/Frameworks/XCTest.framework; sourceTree = DEVELOPER_DIR; };
		00544523188E397E006C61FB /* 86pageTests-Info.plist */ = {isa = PBXFileReference; lastKnownFileType = text.plist.xml; path = "86pageTests-Info.plist"; sourceTree = "<group>"; };
		00544525188E397E006C61FB /* en */ = {isa = PBXFileReference; lastKnownFileType = text.plist.strings; name = en; path = en.lproj/InfoPlist.strings; sourceTree = "<group>"; };
		00544527188E397E006C61FB /* _6pageTests.m */ = {isa = PBXFileReference; lastKnownFileType = sourcecode.c.objc; path = _6pageTests.m; sourceTree = "<group>"; };
/* End PBXFileReference section */

/* Begin PBXFrameworksBuildPhase section */
		005444F6188E397E006C61FB /* Frameworks */ = {
			isa = PBXFrameworksBuildPhase;
			buildActionMask = 2147483647;
			files = (
				005444FF188E397E006C61FB /* CoreGraphics.framework in Frameworks */,
				00544501188E397E006C61FB /* UIKit.framework in Frameworks */,
				005444FD188E397E006C61FB /* Foundation.framework in Frameworks */,
			);
			runOnlyForDeploymentPostprocessing = 0;
		};
		00544517188E397E006C61FB /* Frameworks */ = {
			isa = PBXFrameworksBuildPhase;
			buildActionMask = 2147483647;
			files = (
				0054451C188E397E006C61FB /* XCTest.framework in Frameworks */,
				0054451E188E397E006C61FB /* UIKit.framework in Frameworks */,
				0054451D188E397E006C61FB /* Foundation.framework in Frameworks */,
			);
			runOnlyForDeploymentPostprocessing = 0;
		};
/* End PBXFrameworksBuildPhase section */

/* Begin PBXGroup section */
		005444F0188E397E006C61FB = {
			isa = PBXGroup;
			children = (
				00544502188E397E006C61FB /* 86page */,
				00544521188E397E006C61FB /* 86pageTests */,
				005444FB188E397E006C61FB /* Frameworks */,
				005444FA188E397E006C61FB /* Products */,
			);
			sourceTree = "<group>";
		};
		005444FA188E397E006C61FB /* Products */ = {
			isa = PBXGroup;
			children = (
				005444F9188E397E006C61FB /* 86page.app */,
				0054451A188E397E006C61FB /* 86pageTests.xctest */,
			);
			name = Products;
			sourceTree = "<group>";
		};
		005444FB188E397E006C61FB /* Frameworks */ = {
			isa = PBXGroup;
			children = (
				005444FC188E397E006C61FB /* Foundation.framework */,
				005444FE188E397E006C61FB /* CoreGraphics.framework */,
				00544500188E397E006C61FB /* UIKit.framework */,
				0054451B188E397E006C61FB /* XCTest.framework */,
			);
			name = Frameworks;
			sourceTree = "<group>";
		};
		00544502188E397E006C61FB /* 86page */ = {
			isa = PBXGroup;
			children = (
				0054450B188E397E006C61FB /* AppDelegate.h */,
				0054450C188E397E006C61FB /* AppDelegate.m */,
				0054450E188E397E006C61FB /* Main.storyboard */,
				00544511188E397E006C61FB /* ViewController.h */,
				00544512188E397E006C61FB /* ViewController.m */,
				00544514188E397E006C61FB /* Images.xcassets */,
				00544503188E397E006C61FB /* Supporting Files */,
			);
			path = 86page;
			sourceTree = "<group>";
		};
		00544503188E397E006C61FB /* Supporting Files */ = {
			isa = PBXGroup;
			children = (
				00544504188E397E006C61FB /* 86page-Info.plist */,
				00544505188E397E006C61FB /* InfoPlist.strings */,
				00544508188E397E006C61FB /* main.m */,
				0054450A188E397E006C61FB /* 86page-Prefix.pch */,
			);
			name = "Supporting Files";
			sourceTree = "<group>";
		};
		00544521188E397E006C61FB /* 86pageTests */ = {
			isa = PBXGroup;
			children = (
				00544527188E397E006C61FB /* _6pageTests.m */,
				00544522188E397E006C61FB /* Supporting Files */,
			);
			path = 86pageTests;
			sourceTree = "<group>";
		};
		00544522188E397E006C61FB /* Supporting Files */ = {
			isa = PBXGroup;
			children = (
				00544523188E397E006C61FB /* 86pageTests-Info.plist */,
				00544524188E397E006C61FB /* InfoPlist.strings */,
			);
			name = "Supporting Files";
			sourceTree = "<group>";
		};
/* End PBXGroup section */

/* Begin PBXNativeTarget section */
		005444F8188E397E006C61FB /* 86page */ = {
			isa = PBXNativeTarget;
			buildConfigurationList = 0054452B188E397E006C61FB /* Build configuration list for PBXNativeTarget "86page" */;
			buildPhases = (
				005444F5188E397E006C61FB /* Sources */,
				005444F6188E397E006C61FB /* Frameworks */,
				005444F7188E397E006C61FB /* Resources */,
			);
			buildRules = (
			);
			dependencies = (
			);
			name = 86page;
			productName = 86page;
			productReference = 005444F9188E397E006C61FB /* 86page.app */;
			productType = "com.apple.product-type.application";
		};
		00544519188E397E006C61FB /* 86pageTests */ = {
			isa = PBXNativeTarget;
			buildConfigurationList = 0054452E188E397E006C61FB /* Build configuration list for PBXNativeTarget "86pageTests" */;
			buildPhases = (
				00544516188E397E006C61FB /* Sources */,
				00544517188E397E006C61FB /* Frameworks */,
				00544518188E397E006C61FB /* Resources */,
			);
			buildRules = (
			);
			dependencies = (
				00544520188E397E006C61FB /* PBXTargetDependency */,
			);
			name = 86pageTests;
			productName = 86pageTests;
			productReference = 0054451A188E397E006C61FB /* 86pageTests.xctest */;
			productType = "com.apple.product-type.bundle.unit-test";
		};
/* End PBXNativeTarget section */

/* Begin PBXProject section */
		005444F1188E397E006C61FB /* Project object */ = {
			isa = PBXProject;
			attributes = {
				LastUpgradeCheck = 0500;
				ORGANIZATIONNAME = T;
				TargetAttributes = {
					00544519188E397E006C61FB = {
						TestTargetID = 005444F8188E397E006C61FB;
					};
				};
			};
			buildConfigurationList = 005444F4188E397E006C61FB /* Build configuration list for PBXProject "86page" */;
			compatibilityVersion = "Xcode 3.2";
			developmentRegion = English;
			hasScannedForEncodings = 0;
			knownRegions = (
				en,
				Base,
			);
			mainGroup = 005444F0188E397E006C61FB;
			productRefGroup = 005444FA188E397E006C61FB /* Products */;
			projectDirPath = "";
			projectRoot = "";
			targets = (
				005444F8188E397E006C61FB /* 86page */,
				00544519188E397E006C61FB /* 86pageTests */,
			);
		};
/* End PBXProject section */

/* Begin PBXResourcesBuildPhase section */
		005444F7188E397E006C61FB /* Resources */ = {
			isa = PBXResourcesBuildPhase;
			buildActionMask = 2147483647;
			files = (
				00544515188E397E006C61FB /* Images.xcassets in Resources */,
				00544507188E397E006C61FB /* InfoPlist.strings in Resources */,
				00544510188E397E006C61FB /* Main.storyboard in Resources */,
			);
			runOnlyForDeploymentPostprocessing = 0;
		};
		00544518188E397E006C61FB /* Resources */ = {
			isa = PBXResourcesBuildPhase;
			buildActionMask = 2147483647;
			files = (
				00544526188E397E006C61FB /* InfoPlist.strings in Resources */,
			);
			runOnlyForDeploymentPostprocessing = 0;
		};
/* End PBXResourcesBuildPhase section */

/* Begin PBXSourcesBuildPhase section */
		005444F5188E397E006C61FB /* Sources */ = {
			isa = PBXSourcesBuildPhase;
			buildActionMask = 2147483647;
			files = (
				00544513188E397E006C61FB /* ViewController.m in Sources */,
				0054450D188E397E006C61FB /* AppDelegate.m in Sources */,
				00544509188E397E006C61FB /* main.m in Sources */,
			);
			runOnlyForDeploymentPostprocessing = 0;
		};
		00544516188E397E006C61FB /* Sources */ = {
			isa = PBXSourcesBuildPhase;
			buildActionMask = 2147483647;
			files = (
				00544528188E397E006C61FB /* _6pageTests.m in Sources */,
			);
			runOnlyForDeploymentPostprocessing = 0;
		};
/* End PBXSourcesBuildPhase section */

/* Begin PBXTargetDependency section */
		00544520188E397E006C61FB /* PBXTargetDependency */ = {
			isa = PBXTargetDependency;
			target = 005444F8188E397E006C61FB /* 86page */;
			targetProxy = 0054451F188E397E006C61FB /* PBXContainerItemProxy */;
		};
/* End PBXTargetDependency section */

/* Begin PBXVariantGroup section */
		00544505188E397E006C61FB /* InfoPlist.strings */ = {
			isa = PBXVariantGroup;
			children = (
				00544506188E397E006C61FB /* en */,
			);
			name = InfoPlist.strings;
			sourceTree = "<group>";
		};
		0054450E188E397E006C61FB /* Main.storyboard */ = {
			isa = PBXVariantGroup;
			children = (
				0054450F188E397E006C61FB /* Base */,
			);
			name = Main.storyboard;
			sourceTree = "<group>";
		};
		00544524188E397E006C61FB /* InfoPlist.strings */ = {
			isa = PBXVariantGroup;
			children = (
				00544525188E397E006C61FB /* en */,
			);
			name = InfoPlist.strings;
			sourceTree = "<group>";
		};
/* End PBXVariantGroup section */

/* Begin XCBuildConfiguration section */
		00544529188E397E006C61FB /* Debug */ = {
			isa = XCBuildConfiguration;
			buildSettings = {
				ALWAYS_SEARCH_USER_PATHS = NO;
				ARCHS = "$(ARCHS_STANDARD_INCLUDING_64_BIT)";
				CLANG_CXX_LANGUAGE_STANDARD = "gnu++0x";
				CLANG_CXX_LIBRARY = "libc++";
				CLANG_ENABLE_MODULES = YES;
				CLANG_ENABLE_OBJC_ARC = YES;
				CLANG_WARN_BOOL_CONVERSION = YES;
				CLANG_WARN_CONSTANT_CONVERSION = YES;
				CLANG_WARN_DIRECT_OBJC_ISA_USAGE = YES_ERROR;
				CLANG_WARN_EMPTY_BODY = YES;
				CLANG_WARN_ENUM_CONVERSION = YES;
				CLANG_WARN_INT_CONVERSION = YES;
				CLANG_WARN_OBJC_ROOT_CLASS = YES_ERROR;
				CLANG_WARN__DUPLICATE_METHOD_MATCH = YES;
				"CODE_SIGN_IDENTITY[sdk=iphoneos*]" = "iPhone Developer";
				COPY_PHASE_STRIP = NO;
				GCC_C_LANGUAGE_STANDARD = gnu99;
				GCC_DYNAMIC_NO_PIC = NO;
				GCC_OPTIMIZATION_LEVEL = 0;
				GCC_PREPROCESSOR_DEFINITIONS = (
					"DEBUG=1",
					"$(inherited)",
				);
				GCC_SYMBOLS_PRIVATE_EXTERN = NO;
				GCC_WARN_64_TO_32_BIT_CONVERSION = YES;
				GCC_WARN_ABOUT_RETURN_TYPE = YES_ERROR;
				GCC_WARN_UNDECLARED_SELECTOR = YES;
				GCC_WARN_UNINITIALIZED_AUTOS = YES;
				GCC_WARN_UNUSED_FUNCTION = YES;
				GCC_WARN_UNUSED_VARIABLE = YES;
				IPHONEOS_DEPLOYMENT_TARGET = 7.0;
				ONLY_ACTIVE_ARCH = YES;
				SDKROOT = iphoneos;
			};
			name = Debug;
		};
		0054452A188E397E006C61FB /* Release */ = {
			isa = XCBuildConfiguration;
			buildSettings = {
				ALWAYS_SEARCH_USER_PATHS = NO;
				ARCHS = "$(ARCHS_STANDARD_INCLUDING_64_BIT)";
				CLANG_CXX_LANGUAGE_STANDARD = "gnu++0x";
				CLANG_CXX_LIBRARY = "libc++";
				CLANG_ENABLE_MODULES = YES;
				CLANG_ENABLE_OBJC_ARC = YES;
				CLANG_WARN_BOOL_CONVERSION = YES;
				CLANG_WARN_CONSTANT_CONVERSION = YES;
				CLANG_WARN_DIRECT_OBJC_ISA_USAGE = YES_ERROR;
				CLANG_WARN_EMPTY_BODY = YES;
				CLANG_WARN_ENUM_CONVERSION = YES;
				CLANG_WARN_INT_CONVERSION = YES;
				CLANG_WARN_OBJC_ROOT_CLASS = YES_ERROR;
				CLANG_WARN__DUPLICATE_METHOD_MATCH = YES;
				"CODE_SIGN_IDENTITY[sdk=iphoneos*]" = "iPhone Developer";
				COPY_PHASE_STRIP = YES;
				ENABLE_NS_ASSERTIONS = NO;
				GCC_C_LANGUAGE_STANDARD = gnu99;
				GCC_WARN_64_TO_32_BIT_CONVERSION = YES;
				GCC_WARN_ABOUT_RETURN_TYPE = YES_ERROR;
				GCC_WARN_UNDECLARED_SELECTOR = YES;
				GCC_WARN_UNINITIALIZED_AUTOS = YES;
				GCC_WARN_UNUSED_FUNCTION = YES;
				GCC_WARN_UNUSED_VARIABLE = YES;
				IPHONEOS_DEPLOYMENT_TARGET = 7.0;
				SDKROOT = iphoneos;
				VALIDATE_PRODUCT = YES;
			};
			name = Release;
		};
		0054452C188E397E006C61FB /* Debug */ = {
			isa = XCBuildConfiguration;
			buildSettings = {
				ASSETCATALOG_COMPILER_APPICON_NAME = AppIcon;
				ASSETCATALOG_COMPILER_LAUNCHIMAGE_NAME = LaunchImage;
				GCC_PRECOMPILE_PREFIX_HEADER = YES;
				GCC_PREFIX_HEADER = "86page/86page-Prefix.pch";
				INFOPLIST_FILE = "86page/86page-Info.plist";
				PRODUCT_NAME = "$(TARGET_NAME)";
				WRAPPER_EXTENSION = app;
			};
			name = Debug;
		};
		0054452D188E397E006C61FB /* Release */ = {
			isa = XCBuildConfiguration;
			buildSettings = {
				ASSETCATALOG_COMPILER_APPICON_NAME = AppIcon;
				ASSETCATALOG_COMPILER_LAUNCHIMAGE_NAME = LaunchImage;
				GCC_PRECOMPILE_PREFIX_HEADER = YES;
				GCC_PREFIX_HEADER = "86page/86page-Prefix.pch";
				INFOPLIST_FILE = "86page/86page-Info.plist";
				PRODUCT_NAME = "$(TARGET_NAME)";
				WRAPPER_EXTENSION = app;
			};
			name = Release;
		};
		0054452F188E397E006C61FB /* Debug */ = {
			isa = XCBuildConfiguration;
			buildSettings = {
				ARCHS = "$(ARCHS_STANDARD_INCLUDING_64_BIT)";
				BUNDLE_LOADER = "$(BUILT_PRODUCTS_DIR)/86page.app/86page";
				FRAMEWORK_SEARCH_PATHS = (
					"$(SDKROOT)/Developer/Library/Frameworks",
					"$(inherited)",
					"$(DEVELOPER_FRAMEWORKS_DIR)",
				);
				GCC_PRECOMPILE_PREFIX_HEADER = YES;
				GCC_PREFIX_HEADER = "86page/86page-Prefix.pch";
				GCC_PREPROCESSOR_DEFINITIONS = (
					"DEBUG=1",
					"$(inherited)",
				);
				INFOPLIST_FILE = "86pageTests/86pageTests-Info.plist";
				PRODUCT_NAME = "$(TARGET_NAME)";
				TEST_HOST = "$(BUNDLE_LOADER)";
				WRAPPER_EXTENSION = xctest;
			};
			name = Debug;
		};
		00544530188E397E006C61FB /* Release */ = {
			isa = XCBuildConfiguration;
			buildSettings = {
				ARCHS = "$(ARCHS_STANDARD_INCLUDING_64_BIT)";
				BUNDLE_LOADER = "$(BUILT_PRODUCTS_DIR)/86page.app/86page";
				FRAMEWORK_SEARCH_PATHS = (
					"$(SDKROOT)/Developer/Library/Frameworks",
					"$(inherited)",
					"$(DEVELOPER_FRAMEWORKS_DIR)",
				);
				GCC_PRECOMPILE_PREFIX_HEADER = YES;
				GCC_PREFIX_HEADER = "86page/86page-Prefix.pch";
				INFOPLIST_FILE = "86pageTests/86pageTests-Info.plist";
				PRODUCT_NAME = "$(TARGET_NAME)";
				TEST_HOST = "$(BUNDLE_LOADER)";
				WRAPPER_EXTENSION = xctest;
			};
			name = Release;
		};
/* End XCBuildConfiguration section */

/* Begin XCConfigurationList section */
		005444F4188E397E006C61FB /* Build configuration list for PBXProject "86page" */ = {
			isa = XCConfigurationList;
			buildConfigurations = (
				00544529188E397E006C61FB /* Debug */,
				0054452A188E397E006C61FB /* Release */,
			);
			defaultConfigurationIsVisible = 0;
			defaultConfigurationName = Release;
		};
		0054452B188E397E006C61FB /* Build configuration list for PBXNativeTarget "86page" */ = {
			isa = XCConfigurationList;
			buildConfigurations = (
				0054452C188E397E006C61FB /* Debug */,
				0054452D188E397E006C61FB /* Release */,
			);
			defaultConfigurationIsVisible = 0;
		};
		0054452E188E397E006C61FB /* Build configuration list for PBXNativeTarget "86pageTests" */ = {
			isa = XCConfigurationList;
			buildConfigurations = (
				0054452F188E397E006C61FB /* Debug */,
				00544530188E397E006C61FB /* Release */,
			);
			defaultConfigurationIsVisible = 0;
		};
/* End XCConfigurationList section */
	};
	rootObject = 005444F1188E397E006C61FB /* Project object */;
}
